
Microsoft Visual Studio Solution File, Format Version 12.00
# Visual Studio Version 17
VisualStudioVersion = 17.11.35312.102
MinimumVisualStudioVersion = 10.0.40219.1
Project("{2150E333-8FDC-42A3-9474-1A3956D46DE8}") = "src", "src", "{EAEBB030-5D94-4D76-98DC-C947ECE0F269}"
EndProject
Project("{9A19103F-16F7-4668-BE54-9A1E7A4F7556}") = "Gnarly", "src\Gnarly\Gnarly.csproj", "{ACE2309E-9DA5-41B3-9ADE-784D6B5F91F1}"
EndProject
Project("{9A19103F-16F7-4668-BE54-9A1E7A4F7556}") = "Gnarly.WebApi", "src\Gnarly.WebApi\Gnarly.WebApi.csproj", "{28EE6E90-E647-4EAA-98EB-6599EBC5CE69}"
EndProject
Project("{9A19103F-16F7-4668-BE54-9A1E7A4F7556}") = "Gnarly.Data", "src\Gnarly.Data\Gnarly.Data.csproj", "{30E211CA-1BED-425B-8035-BEBBD47F4EE7}"
EndProject
Project("{2150E333-8FDC-42A3-9474-1A3956D46DE8}") = "Solution Items", "Solution Items", "{7F9F8F9C-8B0A-4DED-9E79-7B97C829F6B2}"
	ProjectSection(SolutionItems) = preProject
		Directory.Build.props = Directory.Build.props
		docker-compose.yml = docker-compose.yml
	EndProjectSection
EndProject
Project("{FAE04EC0-301F-11D3-BF4B-00C04F79EFBC}") = "Gnarly.Application", "src\Gnarly.Application\Gnarly.Application.csproj", "{B241F5DD-1A66-4E36-9B98-C7D4A5D5A1A8}"
EndProject
Project("{FAE04EC0-301F-11D3-BF4B-00C04F79EFBC}") = "Gnarly.Test", "src\Gnarly.Test\Gnarly.Test.csproj", "{6D10270A-6309-430B-8902-582DBA9BF8BF}"
EndProject
Global
	GlobalSection(SolutionConfigurationPlatforms) = preSolution
		Debug|Any CPU = Debug|Any CPU
		Release|Any CPU = Release|Any CPU
	EndGlobalSection
	GlobalSection(ProjectConfigurationPlatforms) = postSolution
		{ACE2309E-9DA5-41B3-9ADE-784D6B5F91F1}.Debug|Any CPU.ActiveCfg = Debug|Any CPU
		{ACE2309E-9DA5-41B3-9ADE-784D6B5F91F1}.Debug|Any CPU.Build.0 = Debug|Any CPU
		{ACE2309E-9DA5-41B3-9ADE-784D6B5F91F1}.Release|Any CPU.ActiveCfg = Release|Any CPU
		{ACE2309E-9DA5-41B3-9ADE-784D6B5F91F1}.Release|Any CPU.Build.0 = Release|Any CPU
		{28EE6E90-E647-4EAA-98EB-6599EBC5CE69}.Debug|Any CPU.ActiveCfg = Debug|Any CPU
		{28EE6E90-E647-4EAA-98EB-6599EBC5CE69}.Debug|Any CPU.Build.0 = Debug|Any CPU
		{28EE6E90-E647-4EAA-98EB-6599EBC5CE69}.Release|Any CPU.ActiveCfg = Release|Any CPU
		{28EE6E90-E647-4EAA-98EB-6599EBC5CE69}.Release|Any CPU.Build.0 = Release|Any CPU
		{30E211CA-1BED-425B-8035-BEBBD47F4EE7}.Debug|Any CPU.ActiveCfg = Debug|Any CPU
		{30E211CA-1BED-425B-8035-BEBBD47F4EE7}.Debug|Any CPU.Build.0 = Debug|Any CPU
		{30E211CA-1BED-425B-8035-BEBBD47F4EE7}.Release|Any CPU.ActiveCfg = Release|Any CPU
		{30E211CA-1BED-425B-8035-BEBBD47F4EE7}.Release|Any CPU.Build.0 = Release|Any CPU
		{B241F5DD-1A66-4E36-9B98-C7D4A5D5A1A8}.Debug|Any CPU.ActiveCfg = Debug|Any CPU
		{B241F5DD-1A66-4E36-9B98-C7D4A5D5A1A8}.Debug|Any CPU.Build.0 = Debug|Any CPU
		{B241F5DD-1A66-4E36-9B98-C7D4A5D5A1A8}.Release|Any CPU.ActiveCfg = Release|Any CPU
		{B241F5DD-1A66-4E36-9B98-C7D4A5D5A1A8}.Release|Any CPU.Build.0 = Release|Any CPU
		{6D10270A-6309-430B-8902-582DBA9BF8BF}.Debug|Any CPU.ActiveCfg = Debug|Any CPU
		{6D10270A-6309-430B-8902-582DBA9BF8BF}.Debug|Any CPU.Build.0 = Debug|Any CPU
		{6D10270A-6309-430B-8902-582DBA9BF8BF}.Release|Any CPU.ActiveCfg = Release|Any CPU
		{6D10270A-6309-430B-8902-582DBA9BF8BF}.Release|Any CPU.Build.0 = Release|Any CPU
	EndGlobalSection
	GlobalSection(SolutionProperties) = preSolution
		HideSolutionNode = FALSE
	EndGlobalSection
	GlobalSection(NestedProjects) = preSolution
		{ACE2309E-9DA5-41B3-9ADE-784D6B5F91F1} = {EAEBB030-5D94-4D76-98DC-C947ECE0F269}
		{28EE6E90-E647-4EAA-98EB-6599EBC5CE69} = {EAEBB030-5D94-4D76-98DC-C947ECE0F269}
		{30E211CA-1BED-425B-8035-BEBBD47F4EE7} = {EAEBB030-5D94-4D76-98DC-C947ECE0F269}
		{B241F5DD-1A66-4E36-9B98-C7D4A5D5A1A8} = {EAEBB030-5D94-4D76-98DC-C947ECE0F269}
		{6D10270A-6309-430B-8902-582DBA9BF8BF} = {EAEBB030-5D94-4D76-98DC-C947ECE0F269}
	EndGlobalSection
	GlobalSection(ExtensibilityGlobals) = postSolution
		SolutionGuid = {271DCA1A-7B6B-431E-A491-8C1A7B8971D9}
	EndGlobalSection
EndGlobal
